
Microsoft Visual Studio Solution File, Format Version 12.00
# Visual Studio 15
VisualStudioVersion = 15.0.28010.2019
MinimumVisualStudioVersion = 10.0.40219.1
Project("{FAE04EC0-301F-11D3-BF4B-00C04F79EFBC}") = "ConsoleApp2", "ConsoleApp2\ConsoleApp2.csproj", "{88C65A8C-4DA7-4C93-96BA-017F2960DFDE}"
EndProject
Global
	GlobalSection(SolutionConfigurationPlatforms) = preSolution
		Debug|Any CPU = Debug|Any CPU
		Release|Any CPU = Release|Any CPU
	EndGlobalSection
	GlobalSection(ProjectConfigurationPlatforms) = postSolution
		{88C65A8C-4DA7-4C93-96BA-017F2960DFDE}.Debug|Any CPU.ActiveCfg = Debug|Any CPU
		{88C65A8C-4DA7-4C93-96BA-017F2960DFDE}.Debug|Any CPU.Build.0 = Debug|Any CPU
		{88C65A8C-4DA7-4C93-96BA-017F2960DFDE}.Release|Any CPU.ActiveCfg = Release|Any CPU
		{88C65A8C-4DA7-4C93-96BA-017F2960DFDE}.Release|Any CPU.Build.0 = Release|Any CPU
	EndGlobalSection
	GlobalSection(SolutionProperties) = preSolution
		HideSolutionNode = FALSE
	EndGlobalSection
	GlobalSection(ExtensibilityGlobals) = postSolution
		SolutionGuid = {1107D39F-3A89-4839-BF8C-C7AB6CF2D148}
	EndGlobalSection
EndGlobal
